
Microsoft Visual Studio Solution File, Format Version 12.00
# Visual Studio 15
VisualStudioVersion = 15.0.28307.271
MinimumVisualStudioVersion = 10.0.40219.1
Project("{FAE04EC0-301F-11D3-BF4B-00C04F79EFBC}") = "Lab1", "Lab1\Lab1.csproj", "{017552E6-1939-498B-B161-90689595A71A}"
EndProject
Global
	GlobalSection(SolutionConfigurationPlatforms) = preSolution
		Debug|Any CPU = Debug|Any CPU
		Release|Any CPU = Release|Any CPU
	EndGlobalSection
	GlobalSection(ProjectConfigurationPlatforms) = postSolution
		{017552E6-1939-498B-B161-90689595A71A}.Debug|Any CPU.ActiveCfg = Debug|Any CPU
		{017552E6-1939-498B-B161-90689595A71A}.Debug|Any CPU.Build.0 = Debug|Any CPU
		{017552E6-1939-498B-B161-90689595A71A}.Release|Any CPU.ActiveCfg = Release|Any CPU
		{017552E6-1939-498B-B161-90689595A71A}.Release|Any CPU.Build.0 = Release|Any CPU
	EndGlobalSection
	GlobalSection(SolutionProperties) = preSolution
		HideSolutionNode = FALSE
	EndGlobalSection
	GlobalSection(ExtensibilityGlobals) = postSolution
		SolutionGuid = {E73FE429-076C-4468-A0F9-2B598C807A10}
	EndGlobalSection
EndGlobal
